
Microsoft Visual Studio Solution File, Format Version 12.00
# Visual Studio 15
VisualStudioVersion = 15.0.28307.168
MinimumVisualStudioVersion = 10.0.40219.1
Project("{FAE04EC0-301F-11D3-BF4B-00C04F79EFBC}") = "VectorGraphicViewer", "VectorGraphicViewer\VectorGraphicViewer.csproj", "{AED0DB3B-A7DD-467F-BB9D-7A5B7A26C467}"
	ProjectSection(ProjectDependencies) = postProject
		{A5EA8B6F-11E3-40E9-BAB5-27E3F796E77E} = {A5EA8B6F-11E3-40E9-BAB5-27E3F796E77E}
	EndProjectSection
EndProject
Project("{9A19103F-16F7-4668-BE54-9A1E7A4F7556}") = "VectorGraphicViewer.Library", "VectorGraphicViewer.Library\VectorGraphicViewer.Library.csproj", "{A5EA8B6F-11E3-40E9-BAB5-27E3F796E77E}"
EndProject
Global
	GlobalSection(SolutionConfigurationPlatforms) = preSolution
		Debug|Any CPU = Debug|Any CPU
		Release|Any CPU = Release|Any CPU
	EndGlobalSection
	GlobalSection(ProjectConfigurationPlatforms) = postSolution
		{AED0DB3B-A7DD-467F-BB9D-7A5B7A26C467}.Debug|Any CPU.ActiveCfg = Debug|Any CPU
		{AED0DB3B-A7DD-467F-BB9D-7A5B7A26C467}.Debug|Any CPU.Build.0 = Debug|Any CPU
		{AED0DB3B-A7DD-467F-BB9D-7A5B7A26C467}.Release|Any CPU.ActiveCfg = Release|Any CPU
		{AED0DB3B-A7DD-467F-BB9D-7A5B7A26C467}.Release|Any CPU.Build.0 = Release|Any CPU
		{A5EA8B6F-11E3-40E9-BAB5-27E3F796E77E}.Debug|Any CPU.ActiveCfg = Debug|Any CPU
		{A5EA8B6F-11E3-40E9-BAB5-27E3F796E77E}.Debug|Any CPU.Build.0 = Debug|Any CPU
		{A5EA8B6F-11E3-40E9-BAB5-27E3F796E77E}.Release|Any CPU.ActiveCfg = Release|Any CPU
		{A5EA8B6F-11E3-40E9-BAB5-27E3F796E77E}.Release|Any CPU.Build.0 = Release|Any CPU
	EndGlobalSection
	GlobalSection(SolutionProperties) = preSolution
		HideSolutionNode = FALSE
	EndGlobalSection
	GlobalSection(ExtensibilityGlobals) = postSolution
		SolutionGuid = {43A22313-9F46-4110-AA64-1955B2C3C6B8}
	EndGlobalSection
EndGlobal
